
Microsoft Visual Studio Solution File, Format Version 12.00
# Visual Studio Version 17
VisualStudioVersion = 17.0.31919.166
MinimumVisualStudioVersion = 10.0.40219.1
Project("{FAE04EC0-301F-11D3-BF4B-00C04F79EFBC}") = "SleepScreen", "SleepScreen\SleepScreen.csproj", "{8A1E64B7-FE92-4CD8-B614-9E087BDF959B}"
EndProject
Global
	GlobalSection(SolutionConfigurationPlatforms) = preSolution
		Debug|Any CPU = Debug|Any CPU
		Release|Any CPU = Release|Any CPU
	EndGlobalSection
	GlobalSection(ProjectConfigurationPlatforms) = postSolution
		{8A1E64B7-FE92-4CD8-B614-9E087BDF959B}.Debug|Any CPU.ActiveCfg = Debug|Any CPU
		{8A1E64B7-FE92-4CD8-B614-9E087BDF959B}.Debug|Any CPU.Build.0 = Debug|Any CPU
		{8A1E64B7-FE92-4CD8-B614-9E087BDF959B}.Release|Any CPU.ActiveCfg = Release|Any CPU
		{8A1E64B7-FE92-4CD8-B614-9E087BDF959B}.Release|Any CPU.Build.0 = Release|Any CPU
	EndGlobalSection
	GlobalSection(SolutionProperties) = preSolution
		HideSolutionNode = FALSE
	EndGlobalSection
	GlobalSection(ExtensibilityGlobals) = postSolution
		SolutionGuid = {7195FA76-4920-44AA-8F58-9ED810E3BA7A}
	EndGlobalSection
EndGlobal
